
Microsoft Visual Studio Solution File, Format Version 12.00
# Visual Studio Version 17
VisualStudioVersion = 17.3.32922.545
MinimumVisualStudioVersion = 10.0.40219.1
Project("{9A19103F-16F7-4668-BE54-9A1E7A4F7556}") = "Stage0", "Stage0\Stage0.csproj", "{D8F7E889-ED23-45E8-A518-156850654A75}"
EndProject
Project("{9A19103F-16F7-4668-BE54-9A1E7A4F7556}") = "DalFacade", "DalFacade\DalFacade.csproj", "{4F9B74CB-C694-4274-927E-E01FF4598242}"
EndProject
Project("{9A19103F-16F7-4668-BE54-9A1E7A4F7556}") = "DalList", "DalList\DalList.csproj", "{715638C1-B2DE-4320-A5C8-CD5D749B5D40}"
EndProject
Project("{9A19103F-16F7-4668-BE54-9A1E7A4F7556}") = "DalTest", "DalTest\DalTest.csproj", "{EA26798E-A030-4C29-B968-21821FFB9EC5}"
EndProject
Project("{9A19103F-16F7-4668-BE54-9A1E7A4F7556}") = "BL", "BL\BL.csproj", "{F20665CD-C538-498C-82C1-17788D9CA091}"
EndProject
Project("{9A19103F-16F7-4668-BE54-9A1E7A4F7556}") = "BITest", "BITTest\BITest.csproj", "{B337B579-27E8-4A60-B617-2A1E9E0BC427}"
EndProject
Project("{9A19103F-16F7-4668-BE54-9A1E7A4F7556}") = "PL", "PL\PL.csproj", "{9B2D7936-BDF7-4BBB-B8F7-39CAAA735EC5}"
EndProject
Project("{2150E333-8FDC-42A3-9474-1A3956D46DE8}") = "xml", "xml", "{7A071B7C-E373-4CE5-B65A-8706D314066E}"
	ProjectSection(SolutionItems) = preProject
		xml\Config.xml = xml\Config.xml
		xml\dal-config.xml = xml\dal-config.xml
		xml\Order.xml = xml\Order.xml
		xml\OrderItem.xml = xml\OrderItem.xml
		xml\Product.xml = xml\Product.xml
	EndProjectSection
EndProject
Project("{9A19103F-16F7-4668-BE54-9A1E7A4F7556}") = "DalXml", "DalXml\DalXml.csproj", "{DA386FE3-8D49-44E8-9D8C-057B111E7CDF}"
EndProject
Global
	GlobalSection(SolutionConfigurationPlatforms) = preSolution
		Debug|Any CPU = Debug|Any CPU
		Release|Any CPU = Release|Any CPU
	EndGlobalSection
	GlobalSection(ProjectConfigurationPlatforms) = postSolution
		{D8F7E889-ED23-45E8-A518-156850654A75}.Debug|Any CPU.ActiveCfg = Debug|Any CPU
		{D8F7E889-ED23-45E8-A518-156850654A75}.Debug|Any CPU.Build.0 = Debug|Any CPU
		{D8F7E889-ED23-45E8-A518-156850654A75}.Release|Any CPU.ActiveCfg = Release|Any CPU
		{D8F7E889-ED23-45E8-A518-156850654A75}.Release|Any CPU.Build.0 = Release|Any CPU
		{4F9B74CB-C694-4274-927E-E01FF4598242}.Debug|Any CPU.ActiveCfg = Debug|Any CPU
		{4F9B74CB-C694-4274-927E-E01FF4598242}.Debug|Any CPU.Build.0 = Debug|Any CPU
		{4F9B74CB-C694-4274-927E-E01FF4598242}.Release|Any CPU.ActiveCfg = Release|Any CPU
		{4F9B74CB-C694-4274-927E-E01FF4598242}.Release|Any CPU.Build.0 = Release|Any CPU
		{715638C1-B2DE-4320-A5C8-CD5D749B5D40}.Debug|Any CPU.ActiveCfg = Debug|Any CPU
		{715638C1-B2DE-4320-A5C8-CD5D749B5D40}.Debug|Any CPU.Build.0 = Debug|Any CPU
		{715638C1-B2DE-4320-A5C8-CD5D749B5D40}.Release|Any CPU.ActiveCfg = Release|Any CPU
		{715638C1-B2DE-4320-A5C8-CD5D749B5D40}.Release|Any CPU.Build.0 = Release|Any CPU
		{EA26798E-A030-4C29-B968-21821FFB9EC5}.Debug|Any CPU.ActiveCfg = Debug|Any CPU
		{EA26798E-A030-4C29-B968-21821FFB9EC5}.Debug|Any CPU.Build.0 = Debug|Any CPU
		{EA26798E-A030-4C29-B968-21821FFB9EC5}.Release|Any CPU.ActiveCfg = Release|Any CPU
		{EA26798E-A030-4C29-B968-21821FFB9EC5}.Release|Any CPU.Build.0 = Release|Any CPU
		{F20665CD-C538-498C-82C1-17788D9CA091}.Debug|Any CPU.ActiveCfg = Debug|Any CPU
		{F20665CD-C538-498C-82C1-17788D9CA091}.Debug|Any CPU.Build.0 = Debug|Any CPU
		{F20665CD-C538-498C-82C1-17788D9CA091}.Release|Any CPU.ActiveCfg = Release|Any CPU
		{F20665CD-C538-498C-82C1-17788D9CA091}.Release|Any CPU.Build.0 = Release|Any CPU
		{B337B579-27E8-4A60-B617-2A1E9E0BC427}.Debug|Any CPU.ActiveCfg = Debug|Any CPU
		{B337B579-27E8-4A60-B617-2A1E9E0BC427}.Debug|Any CPU.Build.0 = Debug|Any CPU
		{B337B579-27E8-4A60-B617-2A1E9E0BC427}.Release|Any CPU.ActiveCfg = Release|Any CPU
		{B337B579-27E8-4A60-B617-2A1E9E0BC427}.Release|Any CPU.Build.0 = Release|Any CPU
		{9B2D7936-BDF7-4BBB-B8F7-39CAAA735EC5}.Debug|Any CPU.ActiveCfg = Debug|Any CPU
		{9B2D7936-BDF7-4BBB-B8F7-39CAAA735EC5}.Debug|Any CPU.Build.0 = Debug|Any CPU
		{9B2D7936-BDF7-4BBB-B8F7-39CAAA735EC5}.Release|Any CPU.ActiveCfg = Release|Any CPU
		{9B2D7936-BDF7-4BBB-B8F7-39CAAA735EC5}.Release|Any CPU.Build.0 = Release|Any CPU
		{DA386FE3-8D49-44E8-9D8C-057B111E7CDF}.Debug|Any CPU.ActiveCfg = Debug|Any CPU
		{DA386FE3-8D49-44E8-9D8C-057B111E7CDF}.Debug|Any CPU.Build.0 = Debug|Any CPU
		{DA386FE3-8D49-44E8-9D8C-057B111E7CDF}.Release|Any CPU.ActiveCfg = Release|Any CPU
		{DA386FE3-8D49-44E8-9D8C-057B111E7CDF}.Release|Any CPU.Build.0 = Release|Any CPU
	EndGlobalSection
	GlobalSection(SolutionProperties) = preSolution
		HideSolutionNode = FALSE
	EndGlobalSection
	GlobalSection(ExtensibilityGlobals) = postSolution
		SolutionGuid = {5CC7B06F-04CD-435B-973C-1AA6892465C0}
	EndGlobalSection
EndGlobal
